<?xml version="1.0" encoding="utf-8"?>
<Project ToolsVersion="4.0" xmlns="http://schemas.microsoft.com/developer/msbuild/2003">
  <ItemGroup>
    <Filter Include="Source Files">
      <UniqueIdentifier>{4FC737F1-C7A5-4376-A066-2A32D752A2FF}</UniqueIdentifier>
      <Extensions>cpp;c;cc;cxx;def;odl;idl;hpj;bat;asm;asmx</Extensions>
    </Filter>
    <Filter Include="Header Files">
      <UniqueIdentifier>{93995380-89BD-4b04-88EB-625FBE52EBFB}</UniqueIdentifier>
      <Extensions>h;hpp;hxx;hm;inl;inc;xsd</Extensions>
    </Filter>
    <Filter Include="Resource Files">
      <UniqueIdentifier>{67DA6AB6-F800-4c08-8B7A-83BB121AAD01}</UniqueIdentifier>
      <Extensions>rc;ico;cur;bmp;dlg;rc2;rct;bin;rgs;gif;jpg;jpeg;jpe;resx;tiff;tif;png;wav;mfcribbon-ms</Extensions>
    </Filter>
  </ItemGroup>
  <ItemGroup>
    <None Include="ReadMe.txt" />
    <None Include="TimesUniv.ico">
      <Filter>Resource Files</Filter>
    </None>
    <None Include="apple.bmp">
      <Filter>Resource Files</Filter>
    </None>
    <None Include="purple.avi" />
    <None Include="add.ico">
      <Filter>Resource Files</Filter>
    </None>
    <None Include="close.ico">
      <Filter>Resource Files</Filter>
    </None>
    <None Include="copy.ico">
      <Filter>Resource Files</Filter>
    </None>
    <None Include="cut.ico">
      <Filter>Resource Files</Filter>
    </None>
    <None Include="delete.ico">
      <Filter>Resource Files</Filter>
    </None>
    <None Include="edit.ico">
      <Filter>Resource Files</Filter>
    </None>
    <None Include="filter.ico">
      <Filter>Resource Files</Filter>
    </None>
    <None Include="help.ico">
      <Filter>Resource Files</Filter>
    </None>
    <None Include="new.ico">
      <Filter>Resource Files</Filter>
    </None>
    <None Include="open.ico">
      <Filter>Resource Files</Filter>
    </None>
    <None Include="paste.ico">
      <Filter>Resource Files</Filter>
    </None>
    <None Include="print.ico">
      <Filter>Resource Files</Filter>
    </None>
    <None Include="printPreview.ico">
      <Filter>Resource Files</Filter>
    </None>
    <None Include="save.ico">
      <Filter>Resource Files</Filter>
    </None>
    <None Include="msexcel.ico">
      <Filter>Resource Files</Filter>
    </None>
    <None Include="myLogo.emf" />
    <None Include="career.ico">
      <Filter>Resource Files</Filter>
    </None>
    <None Include="classroom.ico">
      <Filter>Resource Files</Filter>
    </None>
    <None Include="classtime.ico">
      <Filter>Resource Files</Filter>
    </None>
    <None Include="coordinator.ico">
      <Filter>Resource Files</Filter>
    </None>
    <None Include="course.ico">
      <Filter>Resource Files</Filter>
    </None>
    <None Include="dept.ico">
      <Filter>Resource Files</Filter>
    </None>
    <None Include="period.ico">
      <Filter>Resource Files</Filter>
    </None>
    <None Include="professor.ico">
      <Filter>Resource Files</Filter>
    </None>
  </ItemGroup>
  <ItemGroup>
    <ClInclude Include="stdafx.h">
      <Filter>Header Files</Filter>
    </ClInclude>
    <ClInclude Include="targetver.h">
      <Filter>Header Files</Filter>
    </ClInclude>
    <ClInclude Include="Resource.h">
      <Filter>Header Files</Filter>
    </ClInclude>
    <ClInclude Include="TimesUniv.h">
      <Filter>Header Files</Filter>
    </ClInclude>
    <ClInclude Include="Wintempla.h">
      <Filter>Header Files</Filter>
    </ClInclude>
    <ClInclude Include="WintemplaWin.h">
      <Filter>Header Files</Filter>
    </ClInclude>
    <ClInclude Include="AboutDlg.h">
      <Filter>Header Files</Filter>
    </ClInclude>
    <ClInclude Include="Solution.h">
      <Filter>Header Files</Filter>
    </ClInclude>
    <ClInclude Include="LoginDlg.h">
      <Filter>Header Files</Filter>
    </ClInclude>
    <ClInclude Include="ListViewsDlg.h">
      <Filter>Header Files</Filter>
    </ClInclude>
    <ClInclude Include="CoordMng.h">
      <Filter>Header Files</Filter>
    </ClInclude>
    <ClInclude Include="CoordDlg.h">
      <Filter>Header Files</Filter>
    </ClInclude>
    <ClInclude Include="ProfDlg.h">
      <Filter>Header Files</Filter>
    </ClInclude>
    <ClInclude Include="EditCourseDlg.h">
      <Filter>Header Files</Filter>
    </ClInclude>
    <ClInclude Include="ProgramDlg.h">
      <Filter>Header Files</Filter>
    </ClInclude>
    <ClInclude Include="DeptDlg.h">
      <Filter>Header Files</Filter>
    </ClInclude>
    <ClInclude Include="CourseDlg.h">
      <Filter>Header Files</Filter>
    </ClInclude>
    <ClInclude Include="PeriodDlg.h">
      <Filter>Header Files</Filter>
    </ClInclude>
    <ClInclude Include="ClassroomDlg.h">
      <Filter>Header Files</Filter>
    </ClInclude>
    <ClInclude Include="TimeDlg.h">
      <Filter>Header Files</Filter>
    </ClInclude>
    <ClInclude Include="ScheduleDlg.h">
      <Filter>Header Files</Filter>
    </ClInclude>
    <ClInclude Include="UpDownDlg.h">
      <Filter>Header Files</Filter>
    </ClInclude>
  </ItemGroup>
  <ItemGroup>
    <ClCompile Include="stdafx.cpp">
      <Filter>Source Files</Filter>
    </ClCompile>
    <ClCompile Include="TimesUniv.cpp">
      <Filter>Source Files</Filter>
    </ClCompile>
    <ClCompile Include="Wintempla.cpp">
      <Filter>Source Files</Filter>
    </ClCompile>
    <ClCompile Include="WintemplaWin.cpp">
      <Filter>Source Files</Filter>
    </ClCompile>
    <ClCompile Include="AboutDlg.cpp">
      <Filter>Source Files</Filter>
    </ClCompile>
    <ClCompile Include="Solution.cpp">
      <Filter>Source Files</Filter>
    </ClCompile>
    <ClCompile Include="LoginDlg.cpp">
      <Filter>Source Files</Filter>
    </ClCompile>
    <ClCompile Include="ListViewsDlg.cpp">
      <Filter>Source Files</Filter>
    </ClCompile>
    <ClCompile Include="CoordMng.cpp">
      <Filter>Source Files</Filter>
    </ClCompile>
    <ClCompile Include="CoordDlg.cpp">
      <Filter>Source Files</Filter>
    </ClCompile>
    <ClCompile Include="ProfDlg.cpp">
      <Filter>Source Files</Filter>
    </ClCompile>
    <ClCompile Include="EditCourseDlg.cpp">
      <Filter>Source Files</Filter>
    </ClCompile>
    <ClCompile Include="ProgramDlg.cpp">
      <Filter>Source Files</Filter>
    </ClCompile>
    <ClCompile Include="DeptDlg.cpp">
      <Filter>Source Files</Filter>
    </ClCompile>
    <ClCompile Include="CourseDlg.cpp">
      <Filter>Source Files</Filter>
    </ClCompile>
    <ClCompile Include="PeriodDlg.cpp">
      <Filter>Source Files</Filter>
    </ClCompile>
    <ClCompile Include="ClassroomDlg.cpp">
      <Filter>Source Files</Filter>
    </ClCompile>
    <ClCompile Include="TimeDlg.cpp">
      <Filter>Source Files</Filter>
    </ClCompile>
    <ClCompile Include="ScheduleDlg.cpp">
      <Filter>Source Files</Filter>
    </ClCompile>
    <ClCompile Include="UpDownDlg.cpp">
      <Filter>Source Files</Filter>
    </ClCompile>
  </ItemGroup>
  <ItemGroup>
    <ResourceCompile Include="TimesUniv.rc">
      <Filter>Resource Files</Filter>
    </ResourceCompile>
  </ItemGroup>
  <ItemGroup>
    <Manifest Include="TimesUniv.exe.manifest" />
  </ItemGroup>
  <ItemGroup>
    <Image Include="icon1.ico">
      <Filter>Resource Files</Filter>
    </Image>
    <Image Include="ico00001.ico">
      <Filter>Resource Files</Filter>
    </Image>
    <Image Include="updown.ico">
      <Filter>Resource Files</Filter>
    </Image>
  </ItemGroup>
</Project>